
Microsoft Visual Studio Solution File, Format Version 12.00
# Visual Studio Version 17
VisualStudioVersion = 17.3.32929.385
MinimumVisualStudioVersion = 10.0.40219.1
Project("{FAE04EC0-301F-11D3-BF4B-00C04F79EFBC}") = "Vastagram", "Vastagram\Vastagram.csproj", "{C17EAD78-DB7F-4591-936B-493096BCDEB2}"
EndProject
Global
	GlobalSection(SolutionConfigurationPlatforms) = preSolution
		Debug|Any CPU = Debug|Any CPU
		Release|Any CPU = Release|Any CPU
	EndGlobalSection
	GlobalSection(ProjectConfigurationPlatforms) = postSolution
		{C17EAD78-DB7F-4591-936B-493096BCDEB2}.Debug|Any CPU.ActiveCfg = Debug|Any CPU
		{C17EAD78-DB7F-4591-936B-493096BCDEB2}.Debug|Any CPU.Build.0 = Debug|Any CPU
		{C17EAD78-DB7F-4591-936B-493096BCDEB2}.Release|Any CPU.ActiveCfg = Release|Any CPU
		{C17EAD78-DB7F-4591-936B-493096BCDEB2}.Release|Any CPU.Build.0 = Release|Any CPU
	EndGlobalSection
	GlobalSection(SolutionProperties) = preSolution
		HideSolutionNode = FALSE
	EndGlobalSection
	GlobalSection(ExtensibilityGlobals) = postSolution
		SolutionGuid = {884D0C2E-3AB5-49FB-8759-C07C0136B727}
	EndGlobalSection
EndGlobal
